
Microsoft Visual Studio Solution File, Format Version 12.00
# Visual Studio 15
VisualStudioVersion = 15.0.27703.2035
MinimumVisualStudioVersion = 10.0.40219.1
Project("{9A19103F-16F7-4668-BE54-9A1E7A4F7556}") = "PullRequestMonitor", "PullRequestMonitor\PullRequestMonitor.csproj", "{0F6F44DB-7406-4140-AE87-E2557D1E1A90}"
EndProject
Project("{9A19103F-16F7-4668-BE54-9A1E7A4F7556}") = "PullRequestMonitor.Console", "PullRequestMonitor.Console\PullRequestMonitor.Console.csproj", "{964EC6AE-0042-4352-B46E-A400C3CB314A}"
EndProject
Project("{FAE04EC0-301F-11D3-BF4B-00C04F79EFBC}") = "PullRequestMonitor.Android", "PullRequestMonitor.Android\PullRequestMonitor.Android.csproj", "{688B309D-7F23-43D4-A84E-727FD1A41312}"
EndProject
Global
	GlobalSection(SolutionConfigurationPlatforms) = preSolution
		Debug|Any CPU = Debug|Any CPU
		Release|Any CPU = Release|Any CPU
	EndGlobalSection
	GlobalSection(ProjectConfigurationPlatforms) = postSolution
		{0F6F44DB-7406-4140-AE87-E2557D1E1A90}.Debug|Any CPU.ActiveCfg = Debug|Any CPU
		{0F6F44DB-7406-4140-AE87-E2557D1E1A90}.Debug|Any CPU.Build.0 = Debug|Any CPU
		{0F6F44DB-7406-4140-AE87-E2557D1E1A90}.Release|Any CPU.ActiveCfg = Release|Any CPU
		{0F6F44DB-7406-4140-AE87-E2557D1E1A90}.Release|Any CPU.Build.0 = Release|Any CPU
		{964EC6AE-0042-4352-B46E-A400C3CB314A}.Debug|Any CPU.ActiveCfg = Debug|Any CPU
		{964EC6AE-0042-4352-B46E-A400C3CB314A}.Debug|Any CPU.Build.0 = Debug|Any CPU
		{964EC6AE-0042-4352-B46E-A400C3CB314A}.Release|Any CPU.ActiveCfg = Release|Any CPU
		{964EC6AE-0042-4352-B46E-A400C3CB314A}.Release|Any CPU.Build.0 = Release|Any CPU
		{688B309D-7F23-43D4-A84E-727FD1A41312}.Debug|Any CPU.ActiveCfg = Debug|Any CPU
		{688B309D-7F23-43D4-A84E-727FD1A41312}.Release|Any CPU.ActiveCfg = Release|Any CPU
		{688B309D-7F23-43D4-A84E-727FD1A41312}.Release|Any CPU.Build.0 = Release|Any CPU
		{688B309D-7F23-43D4-A84E-727FD1A41312}.Release|Any CPU.Deploy.0 = Release|Any CPU
	EndGlobalSection
	GlobalSection(SolutionProperties) = preSolution
		HideSolutionNode = FALSE
	EndGlobalSection
	GlobalSection(ExtensibilityGlobals) = postSolution
		SolutionGuid = {6CC37949-52EF-4E33-95FA-840631660E95}
	EndGlobalSection
EndGlobal
